Microsoft Visual Studio Solution File, Format Version 12.00
# Visual Studio 15
VisualStudioVersion = 15.0.27428.1
MinimumVisualStudioVersion = 10.0.40219.1
Project("{6EC3EE1D-3C4E-46DD-8F32-0CC8E7565705}") = "Foom.Math", "src\Core\Foom.Math\Foom.Math.fsproj", "{1DCEB75A-606F-4878-9FCC-20308CDF942F}"
EndProject
Project("{2150E333-8FDC-42A3-9474-1A3956D46DE8}") = "Core", "Core", "{33DEB521-F18C-467E-95E2-710E37167FB5}"
EndProject
Project("{6EC3EE1D-3C4E-46DD-8F32-0CC8E7565705}") = "Foom.Geometry", "src\Core\Foom.Geometry\Foom.Geometry.fsproj", "{CA91BF44-EB60-46EE-867D-CEE5A2525B1A}"
EndProject
Project("{6EC3EE1D-3C4E-46DD-8F32-0CC8E7565705}") = "Foom.Wad", "src\Wad\Foom.Wad\Foom.Wad.fsproj", "{8095E97A-2542-4C71-9E32-5BB63AA28DEC}"
EndProject
Project("{2150E333-8FDC-42A3-9474-1A3956D46DE8}") = "Wad", "Wad", "{61CB053F-DD1A-45E1-9713-5B0FD4D5531C}"
EndProject
Project("{2150E333-8FDC-42A3-9474-1A3956D46DE8}") = "Game", "Game", "{4B301C9A-5968-482A-9881-2DEBEE3F01AF}"
EndProject
Project("{6EC3EE1D-3C4E-46DD-8F32-0CC8E7565705}") = "Foom.Test", "src\Foom.Test\Foom.Test.fsproj", "{1D5C9B36-5798-4E5E-B4DB-054D5A7AC2AD}"
EndProject
Project("{2150E333-8FDC-42A3-9474-1A3956D46DE8}") = "Ferop", "Ferop", "{64BBDB41-F9D0-4476-BF52-6CB708E31465}"
EndProject
Project("{6EC3EE1D-3C4E-46DD-8F32-0CC8E7565705}") = "Ferop", "src\Ferop\Ferop\Ferop.fsproj", "{722B551C-B975-44C3-AE46-85D0D3A6963D}"
EndProject
Project("{6EC3EE1D-3C4E-46DD-8F32-0CC8E7565705}") = "Ferop.Compiler", "src\Ferop\Ferop.Compiler\Ferop.Compiler.fsproj", "{B1933210-7031-4E52-B01B-3417E4B46D4D}"
EndProject
Project("{2150E333-8FDC-42A3-9474-1A3956D46DE8}") = "Renderer", "Renderer", "{B56D6DC9-39AF-4597-B4BF-D33516067F63}"
EndProject
Project("{6EC3EE1D-3C4E-46DD-8F32-0CC8E7565705}") = "Foom.Renderer", "src\Core\Renderer\Foom.Renderer\Foom.Renderer.fsproj", "{B8E8F46C-DFDB-4253-9CA4-79662B3F054F}"
EndProject
Project("{6EC3EE1D-3C4E-46DD-8F32-0CC8E7565705}") = "Foom.Renderer.GL.Desktop", "src\Core\Renderer\Foom.Renderer.GL.Desktop\Foom.Renderer.GL.Desktop.fsproj", "{3F39F460-AC4E-4D0A-AF81-D71A8E2CB7FD}"
EndProject
Project("{6EC3EE1D-3C4E-46DD-8F32-0CC8E7565705}") = "Foom.Renderer.GL.Core", "src\Core\Renderer\Foom.Renderer.GL.Core\Foom.Renderer.GL.Core.fsproj", "{F566CC13-3465-4761-A882-FAB8DBF3E88A}"
EndProject
Project("{2150E333-8FDC-42A3-9474-1A3956D46DE8}") = "Input", "Input", "{A707586A-C6D4-4425-B315-E3F2FF5F642F}"
EndProject
Project("{6EC3EE1D-3C4E-46DD-8F32-0CC8E7565705}") = "Foom.Input", "src\Core\Input\Foom.Input\Foom.Input.fsproj", "{1C66904D-8F25-4A6D-9D56-FA73D1851877}"
EndProject
Project("{6EC3EE1D-3C4E-46DD-8F32-0CC8E7565705}") = "Foom.Input.Desktop", "src\Core\Input\Foom.Input.Desktop\Foom.Input.Desktop.fsproj", "{EDB91825-3DC1-489A-AE11-1EA4AF524C54}"
EndProject
Project("{6EC3EE1D-3C4E-46DD-8F32-0CC8E7565705}") = "Foom.Net", "src\Core\Net\Foom.Net\Foom.Net.fsproj", "{CA4366CD-4CEC-4ABC-B978-815ABE4178E4}"
EndProject
Project("{2150E333-8FDC-42A3-9474-1A3956D46DE8}") = "Net", "Net", "{D8B7A307-B004-49C7-A5A2-8AE06FFA8E20}"
EndProject
Project("{6EC3EE1D-3C4E-46DD-8F32-0CC8E7565705}") = "Foom.Net.Tests", "src\Core\Net\Foom.Net.Tests\Foom.Net.Tests.fsproj", "{17B93037-B183-40F8-BCA7-4661AFF5FF0D}"
EndProject
Project("{6EC3EE1D-3C4E-46DD-8F32-0CC8E7565705}") = "Foom.EntityManager", "src\Core\Foom.Ecs\Foom.EntityManager.fsproj", "{B1C7CE6B-A191-4CCF-AAD5-3C4D18EEA808}"
EndProject
Project("{6EC3EE1D-3C4E-46DD-8F32-0CC8E7565705}") = "Foom.Core", "src\Core\Foom.Core\Foom.Core.fsproj", "{2A0B46A7-E99E-4086-B930-4B1BCB93F95C}"
EndProject
Project("{6EC3EE1D-3C4E-46DD-8F32-0CC8E7565705}") = "Foom.Wad.MusicExtractor", "src\Wad\Foom.Wad.MusicExtractor\Foom.Wad.MusicExtractor.fsproj", "{FD59477F-EA33-4857-AFBC-292B400B41F0}"
EndProject
Project("{6EC3EE1D-3C4E-46DD-8F32-0CC8E7565705}") = "Foom.EntityManager.Tests", "src\Core\Foom.EntityManager.Tests\Foom.EntityManager.Tests.fsproj", "{D4AD76D7-74BD-48E1-AF99-69CFAE7DED4F}"
EndProject
Project("{2150E333-8FDC-42A3-9474-1A3956D46DE8}") = "EntityManager", "EntityManager", "{6AE2BE8D-B6C5-46BC-82B2-04F6F8FDFA7B}"
EndProject
Project("{6EC3EE1D-3C4E-46DD-8F32-0CC8E7565705}") = "Foom.EntityManager.PerfTests", "src\Core\EntityManager\Foom.EntityManager.PerfTests\Foom.EntityManager.PerfTests\Foom.EntityManager.PerfTests.fsproj", "{009336C8-9B8C-46F6-B153-F8E2E46D0D96}"
EndProject
Project("{6EC3EE1D-3C4E-46DD-8F32-0CC8E7565705}") = "Foom.Renderer.GL.ShaderQuotation", "src\Core\Renderer\Foom.Renderer.GL.ShaderQuotation\Foom.Renderer.GL.ShaderQuotation.fsproj", "{ADBF7B40-13C0-4C73-B67D-5305C96BCFA6}"
EndProject
Project("{6EC3EE1D-3C4E-46DD-8F32-0CC8E7565705}") = "Foom.Renderer.GL.ShaderQuotation.Tests", "src\Core\Renderer\Foom.Renderer.GL.ShaderQuotation.Tests\Foom.Renderer.GL.ShaderQuotation.Tests.fsproj", "{C7B9C36E-AB64-4931-88DD-16C00D26FCFC}"
EndProject
Project("{6EC3EE1D-3C4E-46DD-8F32-0CC8E7565705}") = "Foom.Core.Tests", "src\Core\Foom.Core.Tests\Foom.Core.Tests.fsproj", "{7E22BDB7-9DA2-4B7B-8848-493FAC05C6BF}"
EndProject
Project("{6EC3EE1D-3C4E-46DD-8F32-0CC8E7565705}") = "Foom.Game.Network", "src\Game\Foom.Game.Network\Foom.Game.Network.fsproj", "{818AFAC3-8AC5-40D9-876D-3D17E72F558E}"
EndProject
Project("{6EC3EE1D-3C4E-46DD-8F32-0CC8E7565705}") = "Foom.Game.PerfTests", "src\Foom.Game.PerfTests\Foom.Game.PerfTests.fsproj", "{5F68A82D-BB82-4586-B57B-2B4EEDC97D91}"
EndProject
Project("{F2A71F9B-5D33-465A-A702-920D77279786}") = "Foom.Win32", "src\Core\Foom.Win32\Foom.Win32.fsproj", "{98A37FB2-0F91-40C9-8ADB-6ACE4EBCC6A4}"
EndProject
Project("{F2A71F9B-5D33-465A-A702-920D77279786}") = "Foom.Win32.Test", "src\Core\Foom.Win32.Test\Foom.Win32.Test.fsproj", "{81B27D2F-C143-43B6-B5EF-3EB0B2F1A2BF}"
EndProject
Global
	GlobalSection(SolutionConfigurationPlatforms) = preSolution
		Debug|Any CPU = Debug|Any CPU
		Release|Any CPU = Release|Any CPU
	EndGlobalSection
	GlobalSection(ProjectConfigurationPlatforms) = postSolution
		{1DCEB75A-606F-4878-9FCC-20308CDF942F}.Debug|Any CPU.ActiveCfg = Debug|Any CPU
		{1DCEB75A-606F-4878-9FCC-20308CDF942F}.Debug|Any CPU.Build.0 = Debug|Any CPU
		{1DCEB75A-606F-4878-9FCC-20308CDF942F}.Release|Any CPU.ActiveCfg = Release|Any CPU
		{1DCEB75A-606F-4878-9FCC-20308CDF942F}.Release|Any CPU.Build.0 = Release|Any CPU
		{CA91BF44-EB60-46EE-867D-CEE5A2525B1A}.Debug|Any CPU.ActiveCfg = Debug|Any CPU
		{CA91BF44-EB60-46EE-867D-CEE5A2525B1A}.Debug|Any CPU.Build.0 = Debug|Any CPU
		{CA91BF44-EB60-46EE-867D-CEE5A2525B1A}.Release|Any CPU.ActiveCfg = Release|Any CPU
		{CA91BF44-EB60-46EE-867D-CEE5A2525B1A}.Release|Any CPU.Build.0 = Release|Any CPU
		{8095E97A-2542-4C71-9E32-5BB63AA28DEC}.Debug|Any CPU.ActiveCfg = Debug|Any CPU
		{8095E97A-2542-4C71-9E32-5BB63AA28DEC}.Debug|Any CPU.Build.0 = Debug|Any CPU
		{8095E97A-2542-4C71-9E32-5BB63AA28DEC}.Release|Any CPU.ActiveCfg = Release|Any CPU
		{8095E97A-2542-4C71-9E32-5BB63AA28DEC}.Release|Any CPU.Build.0 = Release|Any CPU
		{1D5C9B36-5798-4E5E-B4DB-054D5A7AC2AD}.Debug|Any CPU.ActiveCfg = Debug|Any CPU
		{1D5C9B36-5798-4E5E-B4DB-054D5A7AC2AD}.Debug|Any CPU.Build.0 = Debug|Any CPU
		{1D5C9B36-5798-4E5E-B4DB-054D5A7AC2AD}.Release|Any CPU.ActiveCfg = Release|Any CPU
		{1D5C9B36-5798-4E5E-B4DB-054D5A7AC2AD}.Release|Any CPU.Build.0 = Release|Any CPU
		{722B551C-B975-44C3-AE46-85D0D3A6963D}.Debug|Any CPU.ActiveCfg = Debug|Any CPU
		{722B551C-B975-44C3-AE46-85D0D3A6963D}.Debug|Any CPU.Build.0 = Debug|Any CPU
		{722B551C-B975-44C3-AE46-85D0D3A6963D}.Release|Any CPU.ActiveCfg = Release|Any CPU
		{722B551C-B975-44C3-AE46-85D0D3A6963D}.Release|Any CPU.Build.0 = Release|Any CPU
		{B1933210-7031-4E52-B01B-3417E4B46D4D}.Debug|Any CPU.ActiveCfg = Debug|Any CPU
		{B1933210-7031-4E52-B01B-3417E4B46D4D}.Debug|Any CPU.Build.0 = Debug|Any CPU
		{B1933210-7031-4E52-B01B-3417E4B46D4D}.Release|Any CPU.ActiveCfg = Release|Any CPU
		{B1933210-7031-4E52-B01B-3417E4B46D4D}.Release|Any CPU.Build.0 = Release|Any CPU
		{B8E8F46C-DFDB-4253-9CA4-79662B3F054F}.Debug|Any CPU.ActiveCfg = Debug|Any CPU
		{B8E8F46C-DFDB-4253-9CA4-79662B3F054F}.Debug|Any CPU.Build.0 = Debug|Any CPU
		{B8E8F46C-DFDB-4253-9CA4-79662B3F054F}.Release|Any CPU.ActiveCfg = Release|Any CPU
		{B8E8F46C-DFDB-4253-9CA4-79662B3F054F}.Release|Any CPU.Build.0 = Release|Any CPU
		{3F39F460-AC4E-4D0A-AF81-D71A8E2CB7FD}.Debug|Any CPU.ActiveCfg = Debug|Any CPU
		{3F39F460-AC4E-4D0A-AF81-D71A8E2CB7FD}.Debug|Any CPU.Build.0 = Debug|Any CPU
		{3F39F460-AC4E-4D0A-AF81-D71A8E2CB7FD}.Release|Any CPU.ActiveCfg = Release|Any CPU
		{3F39F460-AC4E-4D0A-AF81-D71A8E2CB7FD}.Release|Any CPU.Build.0 = Release|Any CPU
		{F566CC13-3465-4761-A882-FAB8DBF3E88A}.Debug|Any CPU.ActiveCfg = Debug|Any CPU
		{F566CC13-3465-4761-A882-FAB8DBF3E88A}.Debug|Any CPU.Build.0 = Debug|Any CPU
		{F566CC13-3465-4761-A882-FAB8DBF3E88A}.Release|Any CPU.ActiveCfg = Release|Any CPU
		{F566CC13-3465-4761-A882-FAB8DBF3E88A}.Release|Any CPU.Build.0 = Release|Any CPU
		{1C66904D-8F25-4A6D-9D56-FA73D1851877}.Debug|Any CPU.ActiveCfg = Debug|Any CPU
		{1C66904D-8F25-4A6D-9D56-FA73D1851877}.Debug|Any CPU.Build.0 = Debug|Any CPU
		{1C66904D-8F25-4A6D-9D56-FA73D1851877}.Release|Any CPU.ActiveCfg = Release|Any CPU
		{1C66904D-8F25-4A6D-9D56-FA73D1851877}.Release|Any CPU.Build.0 = Release|Any CPU
		{EDB91825-3DC1-489A-AE11-1EA4AF524C54}.Debug|Any CPU.ActiveCfg = Debug|Any CPU
		{EDB91825-3DC1-489A-AE11-1EA4AF524C54}.Debug|Any CPU.Build.0 = Debug|Any CPU
		{EDB91825-3DC1-489A-AE11-1EA4AF524C54}.Release|Any CPU.ActiveCfg = Release|Any CPU
		{EDB91825-3DC1-489A-AE11-1EA4AF524C54}.Release|Any CPU.Build.0 = Release|Any CPU
		{CA4366CD-4CEC-4ABC-B978-815ABE4178E4}.Debug|Any CPU.ActiveCfg = Debug|Any CPU
		{CA4366CD-4CEC-4ABC-B978-815ABE4178E4}.Debug|Any CPU.Build.0 = Debug|Any CPU
		{CA4366CD-4CEC-4ABC-B978-815ABE4178E4}.Release|Any CPU.ActiveCfg = Release|Any CPU
		{CA4366CD-4CEC-4ABC-B978-815ABE4178E4}.Release|Any CPU.Build.0 = Release|Any CPU
		{17B93037-B183-40F8-BCA7-4661AFF5FF0D}.Debug|Any CPU.ActiveCfg = Debug|Any CPU
		{17B93037-B183-40F8-BCA7-4661AFF5FF0D}.Debug|Any CPU.Build.0 = Debug|Any CPU
		{17B93037-B183-40F8-BCA7-4661AFF5FF0D}.Release|Any CPU.ActiveCfg = Release|Any CPU
		{17B93037-B183-40F8-BCA7-4661AFF5FF0D}.Release|Any CPU.Build.0 = Release|Any CPU
		{B1C7CE6B-A191-4CCF-AAD5-3C4D18EEA808}.Debug|Any CPU.ActiveCfg = Debug|Any CPU
		{B1C7CE6B-A191-4CCF-AAD5-3C4D18EEA808}.Debug|Any CPU.Build.0 = Debug|Any CPU
		{B1C7CE6B-A191-4CCF-AAD5-3C4D18EEA808}.Release|Any CPU.ActiveCfg = Release|Any CPU
		{B1C7CE6B-A191-4CCF-AAD5-3C4D18EEA808}.Release|Any CPU.Build.0 = Release|Any CPU
		{2A0B46A7-E99E-4086-B930-4B1BCB93F95C}.Debug|Any CPU.ActiveCfg = Debug|Any CPU
		{2A0B46A7-E99E-4086-B930-4B1BCB93F95C}.Debug|Any CPU.Build.0 = Debug|Any CPU
		{2A0B46A7-E99E-4086-B930-4B1BCB93F95C}.Release|Any CPU.ActiveCfg = Release|Any CPU
		{2A0B46A7-E99E-4086-B930-4B1BCB93F95C}.Release|Any CPU.Build.0 = Release|Any CPU
		{FD59477F-EA33-4857-AFBC-292B400B41F0}.Debug|Any CPU.ActiveCfg = Debug|Any CPU
		{FD59477F-EA33-4857-AFBC-292B400B41F0}.Debug|Any CPU.Build.0 = Debug|Any CPU
		{FD59477F-EA33-4857-AFBC-292B400B41F0}.Release|Any CPU.ActiveCfg = Release|Any CPU
		{FD59477F-EA33-4857-AFBC-292B400B41F0}.Release|Any CPU.Build.0 = Release|Any CPU
		{D4AD76D7-74BD-48E1-AF99-69CFAE7DED4F}.Debug|Any CPU.ActiveCfg = Debug|Any CPU
		{D4AD76D7-74BD-48E1-AF99-69CFAE7DED4F}.Debug|Any CPU.Build.0 = Debug|Any CPU
		{D4AD76D7-74BD-48E1-AF99-69CFAE7DED4F}.Release|Any CPU.ActiveCfg = Release|Any CPU
		{D4AD76D7-74BD-48E1-AF99-69CFAE7DED4F}.Release|Any CPU.Build.0 = Release|Any CPU
		{009336C8-9B8C-46F6-B153-F8E2E46D0D96}.Debug|Any CPU.ActiveCfg = Debug|Any CPU
		{009336C8-9B8C-46F6-B153-F8E2E46D0D96}.Debug|Any CPU.Build.0 = Debug|Any CPU
		{009336C8-9B8C-46F6-B153-F8E2E46D0D96}.Release|Any CPU.ActiveCfg = Release|Any CPU
		{009336C8-9B8C-46F6-B153-F8E2E46D0D96}.Release|Any CPU.Build.0 = Release|Any CPU
		{ADBF7B40-13C0-4C73-B67D-5305C96BCFA6}.Debug|Any CPU.ActiveCfg = Debug|Any CPU
		{ADBF7B40-13C0-4C73-B67D-5305C96BCFA6}.Debug|Any CPU.Build.0 = Debug|Any CPU
		{ADBF7B40-13C0-4C73-B67D-5305C96BCFA6}.Release|Any CPU.ActiveCfg = Release|Any CPU
		{ADBF7B40-13C0-4C73-B67D-5305C96BCFA6}.Release|Any CPU.Build.0 = Release|Any CPU
		{C7B9C36E-AB64-4931-88DD-16C00D26FCFC}.Debug|Any CPU.ActiveCfg = Debug|Any CPU
		{C7B9C36E-AB64-4931-88DD-16C00D26FCFC}.Debug|Any CPU.Build.0 = Debug|Any CPU
		{C7B9C36E-AB64-4931-88DD-16C00D26FCFC}.Release|Any CPU.ActiveCfg = Release|Any CPU
		{C7B9C36E-AB64-4931-88DD-16C00D26FCFC}.Release|Any CPU.Build.0 = Release|Any CPU
		{7E22BDB7-9DA2-4B7B-8848-493FAC05C6BF}.Debug|Any CPU.ActiveCfg = Debug|Any CPU
		{7E22BDB7-9DA2-4B7B-8848-493FAC05C6BF}.Debug|Any CPU.Build.0 = Debug|Any CPU
		{7E22BDB7-9DA2-4B7B-8848-493FAC05C6BF}.Release|Any CPU.ActiveCfg = Release|Any CPU
		{7E22BDB7-9DA2-4B7B-8848-493FAC05C6BF}.Release|Any CPU.Build.0 = Release|Any CPU
		{818AFAC3-8AC5-40D9-876D-3D17E72F558E}.Debug|Any CPU.ActiveCfg = Debug|Any CPU
		{818AFAC3-8AC5-40D9-876D-3D17E72F558E}.Debug|Any CPU.Build.0 = Debug|Any CPU
		{818AFAC3-8AC5-40D9-876D-3D17E72F558E}.Release|Any CPU.ActiveCfg = Release|Any CPU
		{818AFAC3-8AC5-40D9-876D-3D17E72F558E}.Release|Any CPU.Build.0 = Release|Any CPU
		{5F68A82D-BB82-4586-B57B-2B4EEDC97D91}.Debug|Any CPU.ActiveCfg = Debug|Any CPU
		{5F68A82D-BB82-4586-B57B-2B4EEDC97D91}.Debug|Any CPU.Build.0 = Debug|Any CPU
		{5F68A82D-BB82-4586-B57B-2B4EEDC97D91}.Release|Any CPU.ActiveCfg = Release|Any CPU
		{5F68A82D-BB82-4586-B57B-2B4EEDC97D91}.Release|Any CPU.Build.0 = Release|Any CPU
		{98A37FB2-0F91-40C9-8ADB-6ACE4EBCC6A4}.Debug|Any CPU.ActiveCfg = Debug|Any CPU
		{98A37FB2-0F91-40C9-8ADB-6ACE4EBCC6A4}.Debug|Any CPU.Build.0 = Debug|Any CPU
		{98A37FB2-0F91-40C9-8ADB-6ACE4EBCC6A4}.Release|Any CPU.ActiveCfg = Release|Any CPU
		{98A37FB2-0F91-40C9-8ADB-6ACE4EBCC6A4}.Release|Any CPU.Build.0 = Release|Any CPU
		{81B27D2F-C143-43B6-B5EF-3EB0B2F1A2BF}.Debug|Any CPU.ActiveCfg = Debug|Any CPU
		{81B27D2F-C143-43B6-B5EF-3EB0B2F1A2BF}.Debug|Any CPU.Build.0 = Debug|Any CPU
		{81B27D2F-C143-43B6-B5EF-3EB0B2F1A2BF}.Release|Any CPU.ActiveCfg = Release|Any CPU
		{81B27D2F-C143-43B6-B5EF-3EB0B2F1A2BF}.Release|Any CPU.Build.0 = Release|Any CPU
	EndGlobalSection
	GlobalSection(SolutionProperties) = preSolution
		HideSolutionNode = FALSE
	EndGlobalSection
	GlobalSection(NestedProjects) = preSolution
		{1DCEB75A-606F-4878-9FCC-20308CDF942F} = {33DEB521-F18C-467E-95E2-710E37167FB5}
		{CA91BF44-EB60-46EE-867D-CEE5A2525B1A} = {33DEB521-F18C-467E-95E2-710E37167FB5}
		{8095E97A-2542-4C71-9E32-5BB63AA28DEC} = {61CB053F-DD1A-45E1-9713-5B0FD4D5531C}
		{722B551C-B975-44C3-AE46-85D0D3A6963D} = {64BBDB41-F9D0-4476-BF52-6CB708E31465}
		{B1933210-7031-4E52-B01B-3417E4B46D4D} = {64BBDB41-F9D0-4476-BF52-6CB708E31465}
		{B56D6DC9-39AF-4597-B4BF-D33516067F63} = {33DEB521-F18C-467E-95E2-710E37167FB5}
		{B8E8F46C-DFDB-4253-9CA4-79662B3F054F} = {B56D6DC9-39AF-4597-B4BF-D33516067F63}
		{3F39F460-AC4E-4D0A-AF81-D71A8E2CB7FD} = {B56D6DC9-39AF-4597-B4BF-D33516067F63}
		{F566CC13-3465-4761-A882-FAB8DBF3E88A} = {B56D6DC9-39AF-4597-B4BF-D33516067F63}
		{A707586A-C6D4-4425-B315-E3F2FF5F642F} = {33DEB521-F18C-467E-95E2-710E37167FB5}
		{1C66904D-8F25-4A6D-9D56-FA73D1851877} = {A707586A-C6D4-4425-B315-E3F2FF5F642F}
		{EDB91825-3DC1-489A-AE11-1EA4AF524C54} = {A707586A-C6D4-4425-B315-E3F2FF5F642F}
		{CA4366CD-4CEC-4ABC-B978-815ABE4178E4} = {D8B7A307-B004-49C7-A5A2-8AE06FFA8E20}
		{D8B7A307-B004-49C7-A5A2-8AE06FFA8E20} = {33DEB521-F18C-467E-95E2-710E37167FB5}
		{17B93037-B183-40F8-BCA7-4661AFF5FF0D} = {D8B7A307-B004-49C7-A5A2-8AE06FFA8E20}
		{B1C7CE6B-A191-4CCF-AAD5-3C4D18EEA808} = {6AE2BE8D-B6C5-46BC-82B2-04F6F8FDFA7B}
		{2A0B46A7-E99E-4086-B930-4B1BCB93F95C} = {33DEB521-F18C-467E-95E2-710E37167FB5}
		{FD59477F-EA33-4857-AFBC-292B400B41F0} = {61CB053F-DD1A-45E1-9713-5B0FD4D5531C}
		{D4AD76D7-74BD-48E1-AF99-69CFAE7DED4F} = {6AE2BE8D-B6C5-46BC-82B2-04F6F8FDFA7B}
		{6AE2BE8D-B6C5-46BC-82B2-04F6F8FDFA7B} = {33DEB521-F18C-467E-95E2-710E37167FB5}
		{009336C8-9B8C-46F6-B153-F8E2E46D0D96} = {6AE2BE8D-B6C5-46BC-82B2-04F6F8FDFA7B}
		{ADBF7B40-13C0-4C73-B67D-5305C96BCFA6} = {B56D6DC9-39AF-4597-B4BF-D33516067F63}
		{C7B9C36E-AB64-4931-88DD-16C00D26FCFC} = {B56D6DC9-39AF-4597-B4BF-D33516067F63}
		{7E22BDB7-9DA2-4B7B-8848-493FAC05C6BF} = {33DEB521-F18C-467E-95E2-710E37167FB5}
		{818AFAC3-8AC5-40D9-876D-3D17E72F558E} = {4B301C9A-5968-482A-9881-2DEBEE3F01AF}
		{98A37FB2-0F91-40C9-8ADB-6ACE4EBCC6A4} = {33DEB521-F18C-467E-95E2-710E37167FB5}
		{81B27D2F-C143-43B6-B5EF-3EB0B2F1A2BF} = {33DEB521-F18C-467E-95E2-710E37167FB5}
	EndGlobalSection
	GlobalSection(ExtensibilityGlobals) = postSolution
		SolutionGuid = {2782F051-7E65-4A50-AB2B-45D308458EA2}
	EndGlobalSection
	GlobalSection(Performance) = preSolution
		HasPerformanceSessions = true
	EndGlobalSection
EndGlobal
